// !$*UTF8*$!
{
	archiveVersion = 1;
	classes = {
	};
	objectVersion = 50;
	objects = {

/* Begin PBXBuildFile section */
		6670A71E22779C3200DA1B90 /* AppDelegate.m in Sources */ = {isa = PBXBuildFile; fileRef = 6670A71D22779C3200DA1B90 /* AppDelegate.m */; };
		6670A72022779C3200DA1B90 /* GameScene.sks in Resources */ = {isa = PBXBuildFile; fileRef = 6670A71F22779C3200DA1B90 /* GameScene.sks */; };
		6670A72222779C3200DA1B90 /* Actions.sks in Resources */ = {isa = PBXBuildFile; fileRef = 6670A72122779C3200DA1B90 /* Actions.sks */; };
		6670A72522779C3200DA1B90 /* GameScene.m in Sources */ = {isa = PBXBuildFile; fileRef = 6670A72422779C3200DA1B90 /* GameScene.m */; };
		6670A72822779C3200DA1B90 /* ViewController.m in Sources */ = {isa = PBXBuildFile; fileRef = 6670A72722779C3200DA1B90 /* ViewController.m */; };
		6670A72A22779C3400DA1B90 /* Assets.xcassets in Resources */ = {isa = PBXBuildFile; fileRef = 6670A72922779C3400DA1B90 /* Assets.xcassets */; };
		6670A72D22779C3400DA1B90 /* Main.storyboard in Resources */ = {isa = PBXBuildFile; fileRef = 6670A72B22779C3400DA1B90 /* Main.storyboard */; };
		6670A73022779C3400DA1B90 /* main.m in Sources */ = {isa = PBXBuildFile; fileRef = 6670A72F22779C3400DA1B90 /* main.m */; };
		6670A73B22779C3400DA1B90 /* Chess_GameTests.m in Sources */ = {isa = PBXBuildFile; fileRef = 6670A73A22779C3400DA1B90 /* Chess_GameTests.m */; };
		6670A74622779C3400DA1B90 /* Chess_GameUITests.m in Sources */ = {isa = PBXBuildFile; fileRef = 6670A74522779C3400DA1B90 /* Chess_GameUITests.m */; };
/* End PBXBuildFile section */

/* Begin PBXContainerItemProxy section */
		6670A73722779C3400DA1B90 /* PBXContainerItemProxy */ = {
			isa = PBXContainerItemProxy;
			containerPortal = 6670A71122779C3200DA1B90 /* Project object */;
			proxyType = 1;
			remoteGlobalIDString = 6670A71822779C3200DA1B90;
			remoteInfo = Chess_Game;
		};
		6670A74222779C3400DA1B90 /* PBXContainerItemProxy */ = {
			isa = PBXContainerItemProxy;
			containerPortal = 6670A71122779C3200DA1B90 /* Project object */;
			proxyType = 1;
			remoteGlobalIDString = 6670A71822779C3200DA1B90;
			remoteInfo = Chess_Game;
		};
/* End PBXContainerItemProxy section */

/* Begin PBXFileReference section */
		6670A71922779C3200DA1B90 /* Chess_Game.app */ = {isa = PBXFileReference; explicitFileType = wrapper.application; includeInIndex = 0; path = Chess_Game.app; sourceTree = BUILT_PRODUCTS_DIR; };
		6670A71C22779C3200DA1B90 /* AppDelegate.h */ = {isa = PBXFileReference; lastKnownFileType = sourcecode.c.h; path = AppDelegate.h; sourceTree = "<group>"; };
		6670A71D22779C3200DA1B90 /* AppDelegate.m */ = {isa = PBXFileReference; lastKnownFileType = sourcecode.c.objc; path = AppDelegate.m; sourceTree = "<group>"; };
		6670A71F22779C3200DA1B90 /* GameScene.sks */ = {isa = PBXFileReference; lastKnownFileType = file.sks; path = GameScene.sks; sourceTree = "<group>"; };
		6670A72122779C3200DA1B90 /* Actions.sks */ = {isa = PBXFileReference; lastKnownFileType = file.sks; path = Actions.sks; sourceTree = "<group>"; };
		6670A72322779C3200DA1B90 /* GameScene.h */ = {isa = PBXFileReference; lastKnownFileType = sourcecode.c.h; path = GameScene.h; sourceTree = "<group>"; };
		6670A72422779C3200DA1B90 /* GameScene.m */ = {isa = PBXFileReference; lastKnownFileType = sourcecode.c.objc; path = GameScene.m; sourceTree = "<group>"; };
		6670A72622779C3200DA1B90 /* ViewController.h */ = {isa = PBXFileReference; lastKnownFileType = sourcecode.c.h; path = ViewController.h; sourceTree = "<group>"; };
		6670A72722779C3200DA1B90 /* ViewController.m */ = {isa = PBXFileReference; lastKnownFileType = sourcecode.c.objc; path = ViewController.m; sourceTree = "<group>"; };
		6670A72922779C3400DA1B90 /* Assets.xcassets */ = {isa = PBXFileReference; lastKnownFileType = folder.assetcatalog; path = Assets.xcassets; sourceTree = "<group>"; };
		6670A72C22779C3400DA1B90 /* Base */ = {isa = PBXFileReference; lastKnownFileType = file.storyboard; name = Base; path = Base.lproj/Main.storyboard; sourceTree = "<group>"; };
		6670A72E22779C3400DA1B90 /* Info.plist */ = {isa = PBXFileReference; lastKnownFileType = text.plist.xml; path = Info.plist; sourceTree = "<group>"; };
		6670A72F22779C3400DA1B90 /* main.m */ = {isa = PBXFileReference; lastKnownFileType = sourcecode.c.objc; path = main.m; sourceTree = "<group>"; };
		6670A73122779C3400DA1B90 /* Chess_Game.entitlements */ = {isa = PBXFileReference; lastKnownFileType = text.plist.entitlements; path = Chess_Game.entitlements; sourceTree = "<group>"; };
		6670A73622779C3400DA1B90 /* Chess_GameTests.xctest */ = {isa = PBXFileReference; explicitFileType = wrapper.cfbundle; includeInIndex = 0; path = Chess_GameTests.xctest; sourceTree = BUILT_PRODUCTS_DIR; };
		6670A73A22779C3400DA1B90 /* Chess_GameTests.m */ = {isa = PBXFileReference; lastKnownFileType = sourcecode.c.objc; path = Chess_GameTests.m; sourceTree = "<group>"; };
		6670A73C22779C3400DA1B90 /* Info.plist */ = {isa = PBXFileReference; lastKnownFileType = text.plist.xml; path = Info.plist; sourceTree = "<group>"; };
		6670A74122779C3400DA1B90 /* Chess_GameUITests.xctest */ = {isa = PBXFileReference; explicitFileType = wrapper.cfbundle; includeInIndex = 0; path = Chess_GameUITests.xctest; sourceTree = BUILT_PRODUCTS_DIR; };
		6670A74522779C3400DA1B90 /* Chess_GameUITests.m */ = {isa = PBXFileReference; lastKnownFileType = sourcecode.c.objc; path = Chess_GameUITests.m; sourceTree = "<group>"; };
		6670A74722779C3400DA1B90 /* Info.plist */ = {isa = PBXFileReference; lastKnownFileType = text.plist.xml; path = Info.plist; sourceTree = "<group>"; };
/* End PBXFileReference section */

/* Begin PBXFrameworksBuildPhase section */
		6670A71622779C3200DA1B90 /* Frameworks */ = {
			isa = PBXFrameworksBuildPhase;
			buildActionMask = 2147483647;
			files = (
			);
			runOnlyForDeploymentPostprocessing = 0;
		};
		6670A73322779C3400DA1B90 /* Frameworks */ = {
			isa = PBXFrameworksBuildPhase;
			buildActionMask = 2147483647;
			files = (
			);
			runOnlyForDeploymentPostprocessing = 0;
		};
		6670A73E22779C3400DA1B90 /* Frameworks */ = {
			isa = PBXFrameworksBuildPhase;
			buildActionMask = 2147483647;
			files = (
			);
			runOnlyForDeploymentPostprocessing = 0;
		};
/* End PBXFrameworksBuildPhase section */

/* Begin PBXGroup section */
		6670A71022779C3200DA1B90 = {
			isa = PBXGroup;
			children = (
				6670A71B22779C3200DA1B90 /* Chess_Game */,
				6670A73922779C3400DA1B90 /* Chess_GameTests */,
				6670A74422779C3400DA1B90 /* Chess_GameUITests */,
				6670A71A22779C3200DA1B90 /* Products */,
			);
			sourceTree = "<group>";
		};
		6670A71A22779C3200DA1B90 /* Products */ = {
			isa = PBXGroup;
			children = (
				6670A71922779C3200DA1B90 /* Chess_Game.app */,
				6670A73622779C3400DA1B90 /* Chess_GameTests.xctest */,
				6670A74122779C3400DA1B90 /* Chess_GameUITests.xctest */,
			);
			name = Products;
			sourceTree = "<group>";
		};
		6670A71B22779C3200DA1B90 /* Chess_Game */ = {
			isa = PBXGroup;
			children = (
				6670A71C22779C3200DA1B90 /* AppDelegate.h */,
				6670A71D22779C3200DA1B90 /* AppDelegate.m */,
				6670A71F22779C3200DA1B90 /* GameScene.sks */,
				6670A72122779C3200DA1B90 /* Actions.sks */,
				6670A72322779C3200DA1B90 /* GameScene.h */,
				6670A72422779C3200DA1B90 /* GameScene.m */,
				6670A72622779C3200DA1B90 /* ViewController.h */,
				6670A72722779C3200DA1B90 /* ViewController.m */,
				6670A72922779C3400DA1B90 /* Assets.xcassets */,
				6670A72B22779C3400DA1B90 /* Main.storyboard */,
				6670A72E22779C3400DA1B90 /* Info.plist */,
				6670A72F22779C3400DA1B90 /* main.m */,
				6670A73122779C3400DA1B90 /* Chess_Game.entitlements */,
			);
			path = Chess_Game;
			sourceTree = "<group>";
		};
		6670A73922779C3400DA1B90 /* Chess_GameTests */ = {
			isa = PBXGroup;
			children = (
				6670A73A22779C3400DA1B90 /* Chess_GameTests.m */,
				6670A73C22779C3400DA1B90 /* Info.plist */,
			);
			path = Chess_GameTests;
			sourceTree = "<group>";
		};
		6670A74422779C3400DA1B90 /* Chess_GameUITests */ = {
			isa = PBXGroup;
			children = (
				6670A74522779C3400DA1B90 /* Chess_GameUITests.m */,
				6670A74722779C3400DA1B90 /* Info.plist */,
			);
			path = Chess_GameUITests;
			sourceTree = "<group>";
		};
/* End PBXGroup section */

/* Begin PBXNativeTarget section */
		6670A71822779C3200DA1B90 /* Chess_Game */ = {
			isa = PBXNativeTarget;
			buildConfigurationList = 6670A74A22779C3400DA1B90 /* Build configuration list for PBXNativeTarget "Chess_Game" */;
			buildPhases = (
				6670A71522779C3200DA1B90 /* Sources */,
				6670A71622779C3200DA1B90 /* Frameworks */,
				6670A71722779C3200DA1B90 /* Resources */,
			);
			buildRules = (
			);
			dependencies = (
			);
			name = Chess_Game;
			productName = Chess_Game;
			productReference = 6670A71922779C3200DA1B90 /* Chess_Game.app */;
			productType = "com.apple.product-type.application";
		};
		6670A73522779C3400DA1B90 /* Chess_GameTests */ = {
			isa = PBXNativeTarget;
			buildConfigurationList = 6670A74D22779C3400DA1B90 /* Build configuration list for PBXNativeTarget "Chess_GameTests" */;
			buildPhases = (
				6670A73222779C3400DA1B90 /* Sources */,
				6670A73322779C3400DA1B90 /* Frameworks */,
				6670A73422779C3400DA1B90 /* Resources */,
			);
			buildRules = (
			);
			dependencies = (
				6670A73822779C3400DA1B90 /* PBXTargetDependency */,
			);
			name = Chess_GameTests;
			productName = Chess_GameTests;
			productReference = 6670A73622779C3400DA1B90 /* Chess_GameTests.xctest */;
			productType = "com.apple.product-type.bundle.unit-test";
		};
		6670A74022779C3400DA1B90 /* Chess_GameUITests */ = {
			isa = PBXNativeTarget;
			buildConfigurationList = 6670A75022779C3400DA1B90 /* Build configuration list for PBXNativeTarget "Chess_GameUITests" */;
			buildPhases = (
				6670A73D22779C3400DA1B90 /* Sources */,
				6670A73E22779C3400DA1B90 /* Frameworks */,
				6670A73F22779C3400DA1B90 /* Resources */,
			);
			buildRules = (
			);
			dependencies = (
				6670A74322779C3400DA1B90 /* PBXTargetDependency */,
			);
			name = Chess_GameUITests;
			productName = Chess_GameUITests;
			productReference = 6670A74122779C3400DA1B90 /* Chess_GameUITests.xctest */;
			productType = "com.apple.product-type.bundle.ui-testing";
		};
/* End PBXNativeTarget section */

/* Begin PBXProject section */
		6670A71122779C3200DA1B90 /* Project object */ = {
			isa = PBXProject;
			attributes = {
				LastUpgradeCheck = 1010;
				ORGANIZATIONNAME = "Frederick Benjamin Woodruff";
				TargetAttributes = {
					6670A71822779C3200DA1B90 = {
						CreatedOnToolsVersion = 10.1;
					};
					6670A73522779C3400DA1B90 = {
						CreatedOnToolsVersion = 10.1;
						TestTargetID = 6670A71822779C3200DA1B90;
					};
					6670A74022779C3400DA1B90 = {
						CreatedOnToolsVersion = 10.1;
						TestTargetID = 6670A71822779C3200DA1B90;
					};
				};
			};
			buildConfigurationList = 6670A71422779C3200DA1B90 /* Build configuration list for PBXProject "Chess_Game" */;
			compatibilityVersion = "Xcode 9.3";
			developmentRegion = en;
			hasScannedForEncodings = 0;
			knownRegions = (
				en,
				Base,
			);
			mainGroup = 6670A71022779C3200DA1B90;
			productRefGroup = 6670A71A22779C3200DA1B90 /* Products */;
			projectDirPath = "";
			projectRoot = "";
			targets = (
				6670A71822779C3200DA1B90 /* Chess_Game */,
				6670A73522779C3400DA1B90 /* Chess_GameTests */,
				6670A74022779C3400DA1B90 /* Chess_GameUITests */,
			);
		};
/* End PBXProject section */

/* Begin PBXResourcesBuildPhase section */
		6670A71722779C3200DA1B90 /* Resources */ = {
			isa = PBXResourcesBuildPhase;
			buildActionMask = 2147483647;
			files = (
				6670A72022779C3200DA1B90 /* GameScene.sks in Resources */,
				6670A72A22779C3400DA1B90 /* Assets.xcassets in Resources */,
				6670A72222779C3200DA1B90 /* Actions.sks in Resources */,
				6670A72D22779C3400DA1B90 /* Main.storyboard in Resources */,
			);
			runOnlyForDeploymentPostprocessing = 0;
		};
		6670A73422779C3400DA1B90 /* Resources */ = {
			isa = PBXResourcesBuildPhase;
			buildActionMask = 2147483647;
			files = (
			);
			runOnlyForDeploymentPostprocessing = 0;
		};
		6670A73F22779C3400DA1B90 /* Resources */ = {
			isa = PBXResourcesBuildPhase;
			buildActionMask = 2147483647;
			files = (
			);
			runOnlyForDeploymentPostprocessing = 0;
		};
/* End PBXResourcesBuildPhase section */

/* Begin PBXSourcesBuildPhase section */
		6670A71522779C3200DA1B90 /* Sources */ = {
			isa = PBXSourcesBuildPhase;
			buildActionMask = 2147483647;
			files = (
				6670A72822779C3200DA1B90 /* ViewController.m in Sources */,
				6670A72522779C3200DA1B90 /* GameScene.m in Sources */,
				6670A73022779C3400DA1B90 /* main.m in Sources */,
				6670A71E22779C3200DA1B90 /* AppDelegate.m in Sources */,
			);
			runOnlyForDeploymentPostprocessing = 0;
		};
		6670A73222779C3400DA1B90 /* Sources */ = {
			isa = PBXSourcesBuildPhase;
			buildActionMask = 2147483647;
			files = (
				6670A73B22779C3400DA1B90 /* Chess_GameTests.m in Sources */,
			);
			runOnlyForDeploymentPostprocessing = 0;
		};
		6670A73D22779C3400DA1B90 /* Sources */ = {
			isa = PBXSourcesBuildPhase;
			buildActionMask = 2147483647;
			files = (
				6670A74622779C3400DA1B90 /* Chess_GameUITests.m in Sources */,
			);
			runOnlyForDeploymentPostprocessing = 0;
		};
/* End PBXSourcesBuildPhase section */

/* Begin PBXTargetDependency section */
		6670A73822779C3400DA1B90 /* PBXTargetDependency */ = {
			isa = PBXTargetDependency;
			target = 6670A71822779C3200DA1B90 /* Chess_Game */;
			targetProxy = 6670A73722779C3400DA1B90 /* PBXContainerItemProxy */;
		};
		6670A74322779C3400DA1B90 /* PBXTargetDependency */ = {
			isa = PBXTargetDependency;
			target = 6670A71822779C3200DA1B90 /* Chess_Game */;
			targetProxy = 6670A74222779C3400DA1B90 /* PBXContainerItemProxy */;
		};
/* End PBXTargetDependency section */

/* Begin PBXVariantGroup section */
		6670A72B22779C3400DA1B90 /* Main.storyboard */ = {
			isa = PBXVariantGroup;
			children = (
				6670A72C22779C3400DA1B90 /* Base */,
			);
			name = Main.storyboard;
			sourceTree = "<group>";
		};
/* End PBXVariantGroup section */

/* Begin XCBuildConfiguration section */
		6670A74822779C3400DA1B90 /* Debug */ = {
			isa = XCBuildConfiguration;
			buildSettings = {
				ALWAYS_SEARCH_USER_PATHS = NO;
				CLANG_ANALYZER_NONNULL = YES;
				CLANG_ANALYZER_NUMBER_OBJECT_CONVERSION = YES_AGGRESSIVE;
				CLANG_CXX_LANGUAGE_STANDARD = "gnu++14";
				CLANG_CXX_LIBRARY = "libc++";
				CLANG_ENABLE_MODULES = YES;
				CLANG_ENABLE_OBJC_ARC = YES;
				CLANG_ENABLE_OBJC_WEAK = YES;
				CLANG_WARN_BLOCK_CAPTURE_AUTORELEASING = YES;
				CLANG_WARN_BOOL_CONVERSION = YES;
				CLANG_WARN_COMMA = YES;
				CLANG_WARN_CONSTANT_CONVERSION = YES;
				CLANG_WARN_DEPRECATED_OBJC_IMPLEMENTATIONS = YES;
				CLANG_WARN_DIRECT_OBJC_ISA_USAGE = YES_ERROR;
				CLANG_WARN_DOCUMENTATION_COMMENTS = YES;
				CLANG_WARN_EMPTY_BODY = YES;
				CLANG_WARN_ENUM_CONVERSION = YES;
				CLANG_WARN_INFINITE_RECURSION = YES;
				CLANG_WARN_INT_CONVERSION = YES;
				CLANG_WARN_NON_LITERAL_NULL_CONVERSION = YES;
				CLANG_WARN_OBJC_IMPLICIT_RETAIN_SELF = YES;
				CLANG_WARN_OBJC_LITERAL_CONVERSION = YES;
				CLANG_WARN_OBJC_ROOT_CLASS = YES_ERROR;
				CLANG_WARN_RANGE_LOOP_ANALYSIS = YES;
				CLANG_WARN_STRICT_PROTOTYPES = YES;
				CLANG_WARN_SUSPICIOUS_MOVE = YES;
				CLANG_WARN_UNGUARDED_AVAILABILITY = YES_AGGRESSIVE;
				CLANG_WARN_UNREACHABLE_CODE = YES;
				CLANG_WARN__DUPLICATE_METHOD_MATCH = YES;
				CODE_SIGN_IDENTITY = "-";
				COPY_PHASE_STRIP = NO;
				DEBUG_INFORMATION_FORMAT = dwarf;
				ENABLE_STRICT_OBJC_MSGSEND = YES;
				ENABLE_TESTABILITY = YES;
				GCC_C_LANGUAGE_STANDARD = gnu11;
				GCC_DYNAMIC_NO_PIC = NO;
				GCC_NO_COMMON_BLOCKS = YES;
				GCC_OPTIMIZATION_LEVEL = 0;
				GCC_PREPROCESSOR_DEFINITIONS = (
					"DEBUG=1",
					"$(inherited)",
				);
				GCC_WARN_64_TO_32_BIT_CONVERSION = YES;
				GCC_WARN_ABOUT_RETURN_TYPE = YES_ERROR;
				GCC_WARN_UNDECLARED_SELECTOR = YES;
				GCC_WARN_UNINITIALIZED_AUTOS = YES_AGGRESSIVE;
				GCC_WARN_UNUSED_FUNCTION = YES;
				GCC_WARN_UNUSED_VARIABLE = YES;
				MACOSX_DEPLOYMENT_TARGET = 10.13;
				MTL_ENABLE_DEBUG_INFO = INCLUDE_SOURCE;
				MTL_FAST_MATH = YES;
				ONLY_ACTIVE_ARCH = YES;
				SDKROOT = macosx;
			};
			name = Debug;
		};
		6670A74922779C3400DA1B90 /* Release */ = {
			isa = XCBuildConfiguration;
			buildSettings = {
				ALWAYS_SEARCH_USER_PATHS = NO;
				CLANG_ANALYZER_NONNULL = YES;
				CLANG_ANALYZER_NUMBER_OBJECT_CONVERSION = YES_AGGRESSIVE;
				CLANG_CXX_LANGUAGE_STANDARD = "gnu++14";
				CLANG_CXX_LIBRARY = "libc++";
				CLANG_ENABLE_MODULES = YES;
				CLANG_ENABLE_OBJC_ARC = YES;
				CLANG_ENABLE_OBJC_WEAK = YES;
				CLANG_WARN_BLOCK_CAPTURE_AUTORELEASING = YES;
				CLANG_WARN_BOOL_CONVERSION = YES;
				CLANG_WARN_COMMA = YES;
				CLANG_WARN_CONSTANT_CONVERSION = YES;
				CLANG_WARN_DEPRECATED_OBJC_IMPLEMENTATIONS = YES;
				CLANG_WARN_DIRECT_OBJC_ISA_USAGE = YES_ERROR;
				CLANG_WARN_DOCUMENTATION_COMMENTS = YES;
				CLANG_WARN_EMPTY_BODY = YES;
				CLANG_WARN_ENUM_CONVERSION = YES;
				CLANG_WARN_INFINITE_RECURSION = YES;
				CLANG_WARN_INT_CONVERSION = YES;
				CLANG_WARN_NON_LITERAL_NULL_CONVERSION = YES;
				CLANG_WARN_OBJC_IMPLICIT_RETAIN_SELF = YES;
				CLANG_WARN_OBJC_LITERAL_CONVERSION = YES;
				CLANG_WARN_OBJC_ROOT_CLASS = YES_ERROR;
				CLANG_WARN_RANGE_LOOP_ANALYSIS = YES;
				CLANG_WARN_STRICT_PROTOTYPES = YES;
				CLANG_WARN_SUSPICIOUS_MOVE = YES;
				CLANG_WARN_UNGUARDED_AVAILABILITY = YES_AGGRESSIVE;
				CLANG_WARN_UNREACHABLE_CODE = YES;
				CLANG_WARN__DUPLICATE_METHOD_MATCH = YES;
				CODE_SIGN_IDENTITY = "-";
				COPY_PHASE_STRIP = NO;
				DEBUG_INFORMATION_FORMAT = "dwarf-with-dsym";
				ENABLE_NS_ASSERTIONS = NO;
				ENABLE_STRICT_OBJC_MSGSEND = YES;
				GCC_C_LANGUAGE_STANDARD = gnu11;
				GCC_NO_COMMON_BLOCKS = YES;
				GCC_WARN_64_TO_32_BIT_CONVERSION = YES;
				GCC_WARN_ABOUT_RETURN_TYPE = YES_ERROR;
				GCC_WARN_UNDECLARED_SELECTOR = YES;
				GCC_WARN_UNINITIALIZED_AUTOS = YES_AGGRESSIVE;
				GCC_WARN_UNUSED_FUNCTION = YES;
				GCC_WARN_UNUSED_VARIABLE = YES;
				MACOSX_DEPLOYMENT_TARGET = 10.13;
				MTL_ENABLE_DEBUG_INFO = NO;
				MTL_FAST_MATH = YES;
				SDKROOT = macosx;
			};
			name = Release;
		};
		6670A74B22779C3400DA1B90 /* Debug */ = {
			isa = XCBuildConfiguration;
			buildSettings = {
				ASSETCATALOG_COMPILER_APPICON_NAME = AppIcon;
				CODE_SIGN_ENTITLEMENTS = Chess_Game/Chess_Game.entitlements;
				CODE_SIGN_STYLE = Automatic;
				COMBINE_HIDPI_IMAGES = YES;
				INFOPLIST_FILE = Chess_Game/Info.plist;
				LD_RUNPATH_SEARCH_PATHS = (
					"$(inherited)",
					"@executable_path/../Frameworks",
				);
				PRODUCT_BUNDLE_IDENTIFIER = "FreddieWoodruff.Chess-Game";
				PRODUCT_NAME = "$(TARGET_NAME)";
			};
			name = Debug;
		};
		6670A74C22779C3400DA1B90 /* Release */ = {
			isa = XCBuildConfiguration;
			buildSettings = {
				ASSETCATALOG_COMPILER_APPICON_NAME = AppIcon;
				CODE_SIGN_ENTITLEMENTS = Chess_Game/Chess_Game.entitlements;
				CODE_SIGN_STYLE = Automatic;
				COMBINE_HIDPI_IMAGES = YES;
				INFOPLIST_FILE = Chess_Game/Info.plist;
				LD_RUNPATH_SEARCH_PATHS = (
					"$(inherited)",
					"@executable_path/../Frameworks",
				);
				PRODUCT_BUNDLE_IDENTIFIER = "FreddieWoodruff.Chess-Game";
				PRODUCT_NAME = "$(TARGET_NAME)";
			};
			name = Release;
		};
		6670A74E22779C3400DA1B90 /* Debug */ = {
			isa = XCBuildConfiguration;
			buildSettings = {
				BUNDLE_LOADER = "$(TEST_HOST)";
				CODE_SIGN_STYLE = Automatic;
				COMBINE_HIDPI_IMAGES = YES;
				INFOPLIST_FILE = Chess_GameTests/Info.plist;
				LD_RUNPATH_SEARCH_PATHS = (
					"$(inherited)",
					"@executable_path/../Frameworks",
					"@loader_path/../Frameworks",
				);
				PRODUCT_BUNDLE_IDENTIFIER = "FreddieWoodruff.Chess-GameTests";
				PRODUCT_NAME = "$(TARGET_NAME)";
				TEST_HOST = "$(BUILT_PRODUCTS_DIR)/Chess_Game.app/Contents/MacOS/Chess_Game";
			};
			name = Debug;
		};
		6670A74F22779C3400DA1B90 /* Release */ = {
			isa = XCBuildConfiguration;
			buildSettings = {
				BUNDLE_LOADER = "$(TEST_HOST)";
				CODE_SIGN_STYLE = Automatic;
				COMBINE_HIDPI_IMAGES = YES;
				INFOPLIST_FILE = Chess_GameTests/Info.plist;
				LD_RUNPATH_SEARCH_PATHS = (
					"$(inherited)",
					"@executable_path/../Frameworks",
					"@loader_path/../Frameworks",
				);
				PRODUCT_BUNDLE_IDENTIFIER = "FreddieWoodruff.Chess-GameTests";
				PRODUCT_NAME = "$(TARGET_NAME)";
				TEST_HOST = "$(BUILT_PRODUCTS_DIR)/Chess_Game.app/Contents/MacOS/Chess_Game";
			};
			name = Release;
		};
		6670A75122779C3400DA1B90 /* Debug */ = {
			isa = XCBuildConfiguration;
			buildSettings = {
				CODE_SIGN_STYLE = Automatic;
				COMBINE_HIDPI_IMAGES = YES;
				INFOPLIST_FILE = Chess_GameUITests/Info.plist;
				LD_RUNPATH_SEARCH_PATHS = (
					"$(inherited)",
					"@executable_path/../Frameworks",
					"@loader_path/../Frameworks",
				);
				PRODUCT_BUNDLE_IDENTIFIER = "FreddieWoodruff.Chess-GameUITests";
				PRODUCT_NAME = "$(TARGET_NAME)";
				TEST_TARGET_NAME = Chess_Game;
			};
			name = Debug;
		};
		6670A75222779C3400DA1B90 /* Release */ = {
			isa = XCBuildConfiguration;
			buildSettings = {
				CODE_SIGN_STYLE = Automatic;
				COMBINE_HIDPI_IMAGES = YES;
				INFOPLIST_FILE = Chess_GameUITests/Info.plist;
				LD_RUNPATH_SEARCH_PATHS = (
					"$(inherited)",
					"@executable_path/../Frameworks",
					"@loader_path/../Frameworks",
				);
				PRODUCT_BUNDLE_IDENTIFIER = "FreddieWoodruff.Chess-GameUITests";
				PRODUCT_NAME = "$(TARGET_NAME)";
				TEST_TARGET_NAME = Chess_Game;
			};
			name = Release;
		};
/* End XCBuildConfiguration section */

/* Begin XCConfigurationList section */
		6670A71422779C3200DA1B90 /* Build configuration list for PBXProject "Chess_Game" */ = {
			isa = XCConfigurationList;
			buildConfigurations = (
				6670A74822779C3400DA1B90 /* Debug */,
				6670A74922779C3400DA1B90 /* Release */,
			);
			defaultConfigurationIsVisible = 0;
			defaultConfigurationName = Release;
		};
		6670A74A22779C3400DA1B90 /* Build configuration list for PBXNativeTarget "Chess_Game" */ = {
			isa = XCConfigurationList;
			buildConfigurations = (
				6670A74B22779C3400DA1B90 /* Debug */,
				6670A74C22779C3400DA1B90 /* Release */,
			);
			defaultConfigurationIsVisible = 0;
			defaultConfigurationName = Release;
		};
		6670A74D22779C3400DA1B90 /* Build configuration list for PBXNativeTarget "Chess_GameTests" */ = {
			isa = XCConfigurationList;
			buildConfigurations = (
				6670A74E22779C3400DA1B90 /* Debug */,
				6670A74F22779C3400DA1B90 /* Release */,
			);
			defaultConfigurationIsVisible = 0;
			defaultConfigurationName = Release;
		};
		6670A75022779C3400DA1B90 /* Build configuration list for PBXNativeTarget "Chess_GameUITests" */ = {
			isa = XCConfigurationList;
			buildConfigurations = (
				6670A75122779C3400DA1B90 /* Debug */,
				6670A75222779C3400DA1B90 /* Release */,
			);
			defaultConfigurationIsVisible = 0;
			defaultConfigurationName = Release;
		};
/* End XCConfigurationList section */
	};
	rootObject = 6670A71122779C3200DA1B90 /* Project object */;
}
